{
  "nodes": {
    "agenix": {
      "inputs": {
        "nixpkgs": [
          "nixpkgs"
        ]
      },
      "locked": {
        "lastModified": 1665870395,
        "narHash": "sha256-Tsbqb27LDNxOoPLh0gw2hIb6L/6Ow/6lIBvqcHzEKBI=",
        "owner": "ryantm",
        "repo": "agenix",
        "rev": "a630400067c6d03c9b3e0455347dc8559db14288",
        "type": "github"
      },
      "original": {
        "owner": "ryantm",
        "repo": "agenix",
        "type": "github"
      }
    },
    "flake-compat": {
      "flake": false,
      "locked": {
        "lastModified": 1668681692,
        "narHash": "sha256-Ht91NGdewz8IQLtWZ9LCeNXMSXHUss+9COoqu6JLmXU=",
        "owner": "edolstra",
        "repo": "flake-compat",
        "rev": "009399224d5e398d03b22badca40a37ac85412a1",
        "type": "github"
      },
      "original": {
        "owner": "edolstra",
        "repo": "flake-compat",
        "type": "github"
      }
    },
    "flake-parts": {
      "inputs": {
        "nixpkgs-lib": [
          "nixpkgs-wayland",
          "nix-eval-jobs",
          "nixpkgs"
        ]
      },
      "locked": {
        "lastModified": 1672616755,
        "narHash": "sha256-dvwU2ORLpiP6ZMXL3CJ/qrqmtLBLF6VAc+Fois7Qfew=",
        "owner": "hercules-ci",
        "repo": "flake-parts",
        "rev": "87673d7c13a799d95ce25ff5dc7b9e15f01af2ea",
        "type": "github"
      },
      "original": {
        "owner": "hercules-ci",
        "repo": "flake-parts",
        "type": "github"
      }
    },
    "flake-utils": {
      "locked": {
        "lastModified": 1667395993,
        "narHash": "sha256-nuEHfE/LcWyuSWnS8t12N1wc105Qtau+/OdUAjtQ0rA=",
        "owner": "numtide",
        "repo": "flake-utils",
        "rev": "5aed5285a952e0b949eb3ba02c12fa4fcfef535f",
        "type": "github"
      },
      "original": {
        "owner": "numtide",
        "repo": "flake-utils",
        "type": "github"
      }
    },
    "home-manager": {
      "inputs": {
        "nixpkgs": [
          "nixpkgs"
        ],
        "utils": "utils"
      },
      "locked": {
        "lastModified": 1671578428,
        "narHash": "sha256-YmbpBcPaGz9KE2bC4xPvSdgCSMk0BmS/L3ePvy9TR/M=",
        "owner": "nix-community",
        "repo": "home-manager",
        "rev": "0f8bf4f92efa3c6168705b49a6788abb3612033a",
        "type": "github"
      },
      "original": {
        "owner": "nix-community",
        "repo": "home-manager",
        "type": "github"
      }
    },
    "impermanence": {
      "locked": {
        "lastModified": 1668668915,
        "narHash": "sha256-QjY4ZZbs9shwO4LaLpvlU2bO9J1juYhO9NtV3nrbnYQ=",
        "owner": "nix-community",
        "repo": "impermanence",
        "rev": "5df9108b346f8a42021bf99e50de89c9caa251c3",
        "type": "github"
      },
      "original": {
        "owner": "nix-community",
        "repo": "impermanence",
        "type": "github"
      }
    },
    "jj": {
      "inputs": {
        "nixpkgs": "nixpkgs"
      },
      "locked": {
        "lastModified": 1671758716,
        "narHash": "sha256-F7q519+bYew9sGeZHtCqwy5Cnd2qVdONH0ojX/VVqbk=",
        "owner": "martinvonz",
        "repo": "jj",
        "rev": "5a681d31d0108e1f1ed80e03779cb8a637469209",
        "type": "github"
      },
      "original": {
        "owner": "martinvonz",
        "repo": "jj",
        "type": "github"
      }
    },
    "lib-aggregate": {
      "inputs": {
        "flake-utils": "flake-utils",
        "nixpkgs-lib": "nixpkgs-lib"
      },
      "locked": {
        "lastModified": 1672574907,
        "narHash": "sha256-aCe0NkUhmuuFabjxWqg43vlGxQ8LdmnFI43YbERT9fw=",
        "owner": "nix-community",
        "repo": "lib-aggregate",
        "rev": "cd191adffb1db78a8325c0bc484ea96243799851",
        "type": "github"
      },
      "original": {
        "owner": "nix-community",
        "repo": "lib-aggregate",
        "type": "github"
      }
    },
    "nix-eval-jobs": {
      "inputs": {
        "flake-parts": "flake-parts",
        "nixpkgs": [
          "nixpkgs-wayland",
          "nixpkgs"
        ]
      },
      "locked": {
        "lastModified": 1672656797,
        "narHash": "sha256-bKjiDDVAslQttyQlibweHj5wT3rfx/7svzVEea0s9X4=",
        "owner": "nix-community",
        "repo": "nix-eval-jobs",
        "rev": "b56eb217c17502380775ea1c0d936bcb17bcb39f",
        "type": "github"
      },
      "original": {
        "owner": "nix-community",
        "repo": "nix-eval-jobs",
        "type": "github"
      }
    },
    "nixos-hardware": {
      "locked": {
        "lastModified": 1671631481,
        "narHash": "sha256-LP6NvQQNKdqDpXngECo6oCiWfYRb0KPGM5+D5lu7mPw=",
        "owner": "nixos",
        "repo": "nixos-hardware",
        "rev": "9577ab1eaf01a738b015a7a7ab2a4616e158b6cd",
        "type": "github"
      },
      "original": {
        "owner": "nixos",
        "repo": "nixos-hardware",
        "type": "github"
      }
    },
    "nixpkgs": {
      "locked": {
        "lastModified": 1651634615,
        "narHash": "sha256-VtvcS61bLh5mIBm9cV3idUHdlfPRFus/NwdJfaj5s8o=",
        "owner": "NixOS",
        "repo": "nixpkgs",
        "rev": "abfd31179174133ab8131139d650297bf4da63b7",
        "type": "github"
      },
      "original": {
        "id": "nixpkgs",
        "type": "indirect"
      }
    },
    "nixpkgs-lib": {
      "locked": {
        "lastModified": 1672534360,
        "narHash": "sha256-4r25ZnSyGM3wSuXhAMzROTIvIEqPwAx/L9hjbXDJB2c=",
        "owner": "nix-community",
        "repo": "nixpkgs.lib",
        "rev": "360b002d33d735931db40cdd5ddb4f9ba4ba5804",
        "type": "github"
      },
      "original": {
        "owner": "nix-community",
        "repo": "nixpkgs.lib",
        "type": "github"
      }
    },
    "nixpkgs-wayland": {
      "inputs": {
        "flake-compat": "flake-compat",
        "lib-aggregate": "lib-aggregate",
        "nix-eval-jobs": "nix-eval-jobs",
        "nixpkgs": [
          "nixpkgs"
        ]
      },
      "locked": {
        "lastModified": 1672781771,
        "narHash": "sha256-WLHOQki6t7NjRbqvCkp69o5n+mUDK9Z+pMeuBIUamY4=",
        "owner": "nix-community",
        "repo": "nixpkgs-wayland",
        "rev": "ec1e705bc217459054c7bc8183cf4f0aa18745ce",
        "type": "github"
      },
      "original": {
        "owner": "nix-community",
        "ref": "master",
        "repo": "nixpkgs-wayland",
        "type": "github"
      }
    },
    "nixpkgs_2": {
      "locked": {
        "lastModified": 1671764412,
        "narHash": "sha256-s/Oebozvsv+gbZDMeSg1lPTkPOwh4Ty0ZvnV5qQy9cE=",
        "owner": "nixos",
        "repo": "nixpkgs",
        "rev": "522bf206fd58ecfec1b6886e1acc879cb1b487cb",
        "type": "github"
      },
      "original": {
        "owner": "nixos",
        "ref": "master",
        "repo": "nixpkgs",
        "type": "github"
      }
    },
    "root": {
      "inputs": {
        "agenix": "agenix",
        "home-manager": "home-manager",
        "impermanence": "impermanence",
        "jj": "jj",
        "nixos-hardware": "nixos-hardware",
        "nixpkgs": "nixpkgs_2",
        "nixpkgs-wayland": "nixpkgs-wayland",
        "site": "site",
        "utils": "utils_2"
      }
    },
    "site": {
      "inputs": {
        "flake-utils": [
          "utils"
        ],
        "nixpkgs": [
          "nixpkgs"
        ]
      },
      "locked": {
        "lastModified": 1670699397,
        "narHash": "sha256-fepj3IbUrvRMO6S763LsbeijiHrJJIC6yNEtjLsxZVw=",
        "owner": "samhza",
        "repo": "samhza.com",
        "rev": "a01bb725c6e8381d44fd3d3d28eb6fc652b7df12",
        "type": "github"
      },
      "original": {
        "owner": "samhza",
        "repo": "samhza.com",
        "type": "github"
      }
    },
    "utils": {
      "locked": {
        "lastModified": 1667395993,
        "narHash": "sha256-nuEHfE/LcWyuSWnS8t12N1wc105Qtau+/OdUAjtQ0rA=",
        "owner": "numtide",
        "repo": "flake-utils",
        "rev": "5aed5285a952e0b949eb3ba02c12fa4fcfef535f",
        "type": "github"
      },
      "original": {
        "owner": "numtide",
        "repo": "flake-utils",
        "type": "github"
      }
    },
    "utils_2": {
      "locked": {
        "lastModified": 1667395993,
        "narHash": "sha256-nuEHfE/LcWyuSWnS8t12N1wc105Qtau+/OdUAjtQ0rA=",
        "owner": "numtide",
        "repo": "flake-utils",
        "rev": "5aed5285a952e0b949eb3ba02c12fa4fcfef535f",
        "type": "github"
      },
      "original": {
        "owner": "numtide",
        "repo": "flake-utils",
        "type": "github"
      }
    }
  },
  "root": "root",
  "version": 7
}
